
Microsoft Visual Studio Solution File, Format Version 12.00
# Visual Studio 15
Project("{FAE04EC0-301F-11D3-BF4B-00C04F79EFBC}") = "Mirror", "Mirror.csproj", "{1B0737F1-F362-140C-C5C0-E35FDC5E3910}"
EndProject
Project("{FAE04EC0-301F-11D3-BF4B-00C04F79EFBC}") = "UnityEngine.TestRunner", "UnityEngine.TestRunner.csproj", "{69C98408-5FFD-8BA3-77DB-C142BB37AE70}"
EndProject
Project("{FAE04EC0-301F-11D3-BF4B-00C04F79EFBC}") = "Unity.InputSystem", "Unity.InputSystem.csproj", "{E60702BE-5EE9-5699-6863-EB6A7B647BFE}"
EndProject
Project("{FAE04EC0-301F-11D3-BF4B-00C04F79EFBC}") = "SimpleWebTransport", "SimpleWebTransport.csproj", "{B3771940-5DE0-59D6-8ABC-BC6BBFFD7E05}"
EndProject
Project("{FAE04EC0-301F-11D3-BF4B-00C04F79EFBC}") = "Unity.Timeline", "Unity.Timeline.csproj", "{AEF7E850-ACF2-883D-1B49-B492F2E9F358}"
EndProject
Project("{FAE04EC0-301F-11D3-BF4B-00C04F79EFBC}") = "UnityEngine.UI", "UnityEngine.UI.csproj", "{93C2E011-85DB-05A6-1CB5-4DDC0824C22A}"
EndProject
Project("{FAE04EC0-301F-11D3-BF4B-00C04F79EFBC}") = "Cinemachine", "Cinemachine.csproj", "{1E47E947-5757-6F9C-7B28-2D44A6F23198}"
EndProject
Project("{FAE04EC0-301F-11D3-BF4B-00C04F79EFBC}") = "Mirror.Components", "Mirror.Components.csproj", "{6AEBE109-BFCA-AFDD-8B62-28F25A28051A}"
EndProject
Project("{FAE04EC0-301F-11D3-BF4B-00C04F79EFBC}") = "Unity.TextMeshPro", "Unity.TextMeshPro.csproj", "{79BA0D95-CA91-63AC-DAA8-359B86FA36F5}"
EndProject
Project("{FAE04EC0-301F-11D3-BF4B-00C04F79EFBC}") = "Telepathy", "Telepathy.csproj", "{BF702486-DBCD-26CB-9BDA-6E7808FCB497}"
EndProject
Project("{FAE04EC0-301F-11D3-BF4B-00C04F79EFBC}") = "Mirror.Authenticators", "Mirror.Authenticators.csproj", "{B604FE5F-4EAC-E81A-F797-F6B79FF6CEB6}"
EndProject
Project("{FAE04EC0-301F-11D3-BF4B-00C04F79EFBC}") = "Unity.ProGrids", "Unity.ProGrids.csproj", "{F7B9B092-2A77-1CA2-0D69-8C2E40E0ACCA}"
EndProject
Project("{FAE04EC0-301F-11D3-BF4B-00C04F79EFBC}") = "kcp2k", "kcp2k.csproj", "{11EACF12-FB03-7010-993F-65B4C83FF600}"
EndProject
Project("{FAE04EC0-301F-11D3-BF4B-00C04F79EFBC}") = "Assembly-CSharp", "Assembly-CSharp.csproj", "{D88A9CF6-0F1D-2CF6-6E65-08E3A894EECA}"
EndProject
Project("{FAE04EC0-301F-11D3-BF4B-00C04F79EFBC}") = "Mirror.Cloud", "Mirror.Cloud.csproj", "{9414D29B-E8F4-3F3D-5782-454DC4C095FA}"
EndProject
Project("{FAE04EC0-301F-11D3-BF4B-00C04F79EFBC}") = "UnityEditor.TestRunner", "UnityEditor.TestRunner.csproj", "{E343D801-C82A-C85A-795C-0D252B9475E3}"
EndProject
Project("{FAE04EC0-301F-11D3-BF4B-00C04F79EFBC}") = "UnityEditor.UI", "UnityEditor.UI.csproj", "{B1792213-1C9A-7696-4168-3DD775B95B5A}"
EndProject
Project("{FAE04EC0-301F-11D3-BF4B-00C04F79EFBC}") = "Unity.Timeline.Editor", "Unity.Timeline.Editor.csproj", "{B302D939-73E0-A05F-1888-C76A09D23348}"
EndProject
Project("{FAE04EC0-301F-11D3-BF4B-00C04F79EFBC}") = "Unity.VisualStudio.Editor", "Unity.VisualStudio.Editor.csproj", "{F6941F06-31FE-8D34-3D05-699B9BAA4547}"
EndProject
Project("{FAE04EC0-301F-11D3-BF4B-00C04F79EFBC}") = "com.unity.cinemachine.editor", "com.unity.cinemachine.editor.csproj", "{3F24312B-6240-49E6-D188-6F84F36EDD68}"
EndProject
Project("{FAE04EC0-301F-11D3-BF4B-00C04F79EFBC}") = "Unity.TextMeshPro.Editor", "Unity.TextMeshPro.Editor.csproj", "{71DAB223-6CC3-4292-81D5-66C11574D18E}"
EndProject
Project("{FAE04EC0-301F-11D3-BF4B-00C04F79EFBC}") = "Unity.CollabProxy.Editor", "Unity.CollabProxy.Editor.csproj", "{7F78C11A-DFC2-F1C6-1513-9E12322B4C98}"
EndProject
Project("{FAE04EC0-301F-11D3-BF4B-00C04F79EFBC}") = "Mirror.Weaver", "Mirror.Weaver.csproj", "{4B1A74EA-D9A1-4F3F-AE36-1ECFDCE36623}"
EndProject
Project("{FAE04EC0-301F-11D3-BF4B-00C04F79EFBC}") = "Unity.Rider.Editor", "Unity.Rider.Editor.csproj", "{54F37E17-357E-A48B-F505-81EB2912BCCF}"
EndProject
Project("{FAE04EC0-301F-11D3-BF4B-00C04F79EFBC}") = "Unity.ProGrids.Editor", "Unity.ProGrids.Editor.csproj", "{E761024D-035D-8167-01ED-55C21F80BB86}"
EndProject
Project("{FAE04EC0-301F-11D3-BF4B-00C04F79EFBC}") = "Mirror.Editor", "Mirror.Editor.csproj", "{231C5C31-94B4-88BB-E9C5-ABEC9D762580}"
EndProject
Project("{FAE04EC0-301F-11D3-BF4B-00C04F79EFBC}") = "Unity.VSCode.Editor", "Unity.VSCode.Editor.csproj", "{F7E6238E-0FAE-1F39-EECE-5240D8573089}"
EndProject
Project("{FAE04EC0-301F-11D3-BF4B-00C04F79EFBC}") = "Unity.Settings.Editor", "Unity.Settings.Editor.csproj", "{52886E08-F3C0-027F-F280-F9DD6E4A7ACF}"
EndProject
Project("{FAE04EC0-301F-11D3-BF4B-00C04F79EFBC}") = "Mirror.CompilerSymbols", "Mirror.CompilerSymbols.csproj", "{AFDF25A4-385A-907B-7D71-DDB6243DCB82}"
EndProject
Project("{FAE04EC0-301F-11D3-BF4B-00C04F79EFBC}") = "Assembly-CSharp-Editor-firstpass", "Assembly-CSharp-Editor-firstpass.csproj", "{6328577A-BC9D-87F4-E661-F722499851F5}"
EndProject
Project("{FAE04EC0-301F-11D3-BF4B-00C04F79EFBC}") = "Mirror", "Mirror.Player.csproj", "{0104295F-E979-E6DD-C948-3FC2EAF1DDDC}"
EndProject
Project("{FAE04EC0-301F-11D3-BF4B-00C04F79EFBC}") = "UnityEngine.TestRunner", "UnityEngine.TestRunner.Player.csproj", "{50C86663-A7B9-7257-106A-163B0B5B80BF}"
EndProject
Project("{FAE04EC0-301F-11D3-BF4B-00C04F79EFBC}") = "Unity.InputSystem", "Unity.InputSystem.Player.csproj", "{438BBA26-E6E7-5E1D-1A27-030CAB21269C}"
EndProject
Project("{FAE04EC0-301F-11D3-BF4B-00C04F79EFBC}") = "SimpleWebTransport", "SimpleWebTransport.Player.csproj", "{EF191199-6155-1FEB-B181-FCB0BD0F57E3}"
EndProject
Project("{FAE04EC0-301F-11D3-BF4B-00C04F79EFBC}") = "Unity.Timeline", "Unity.Timeline.Player.csproj", "{514CB499-1C70-9D7C-B561-7984D4EC38B1}"
EndProject
Project("{FAE04EC0-301F-11D3-BF4B-00C04F79EFBC}") = "UnityEngine.UI", "UnityEngine.UI.Player.csproj", "{93ABF5BE-227A-0108-92C6-0EE3EE857A72}"
EndProject
Project("{FAE04EC0-301F-11D3-BF4B-00C04F79EFBC}") = "Cinemachine", "Cinemachine.Player.csproj", "{615D5DC1-6587-1969-D7F9-4638E7AFB3E9}"
EndProject
Project("{FAE04EC0-301F-11D3-BF4B-00C04F79EFBC}") = "Mirror.Components", "Mirror.Components.Player.csproj", "{7044FCB8-7343-17F0-6D5F-FC35A7D2A3DA}"
EndProject
Project("{FAE04EC0-301F-11D3-BF4B-00C04F79EFBC}") = "Unity.TextMeshPro", "Unity.TextMeshPro.Player.csproj", "{37B6C087-C595-3B5C-6672-FE6ACCB9A406}"
EndProject
Project("{FAE04EC0-301F-11D3-BF4B-00C04F79EFBC}") = "Telepathy", "Telepathy.Player.csproj", "{2D274DC4-80C5-5974-B23B-9541CB241282}"
EndProject
Project("{FAE04EC0-301F-11D3-BF4B-00C04F79EFBC}") = "Mirror.Authenticators", "Mirror.Authenticators.Player.csproj", "{21EF0A4E-D248-009E-7A3C-041A0E31AC7C}"
EndProject
Project("{FAE04EC0-301F-11D3-BF4B-00C04F79EFBC}") = "Unity.ProGrids", "Unity.ProGrids.Player.csproj", "{E3AEFD49-79B8-5040-0D5D-DA4FAC4B34FC}"
EndProject
Project("{FAE04EC0-301F-11D3-BF4B-00C04F79EFBC}") = "kcp2k", "kcp2k.Player.csproj", "{F21920B4-C7E1-14C1-3C56-830D85E9361E}"
EndProject
Project("{FAE04EC0-301F-11D3-BF4B-00C04F79EFBC}") = "Assembly-CSharp", "Assembly-CSharp.Player.csproj", "{F7323199-AE6C-428D-6E2D-1C31913E620D}"
EndProject
Project("{FAE04EC0-301F-11D3-BF4B-00C04F79EFBC}") = "Mirror.Cloud", "Mirror.Cloud.Player.csproj", "{27B711F1-B4F3-15B3-61BD-6B6881A7781B}"
EndProject
Global
	GlobalSection(SolutionConfigurationPlatforms) = preSolution
		Debug|Any CPU = Debug|Any CPU
		Release|Any CPU = Release|Any CPU
	EndGlobalSection
	GlobalSection(ProjectConfigurationPlatforms) = postSolution
		{1B0737F1-F362-140C-C5C0-E35FDC5E3910}.Debug|Any CPU.ActiveCfg = Debug|Any CPU
		{1B0737F1-F362-140C-C5C0-E35FDC5E3910}.Debug|Any CPU.Build.0 = Debug|Any CPU
		{1B0737F1-F362-140C-C5C0-E35FDC5E3910}.Release|Any CPU.ActiveCfg = Release|Any CPU
		{1B0737F1-F362-140C-C5C0-E35FDC5E3910}.Release|Any CPU.Build.0 = Release|Any CPU
		{69C98408-5FFD-8BA3-77DB-C142BB37AE70}.Debug|Any CPU.ActiveCfg = Debug|Any CPU
		{69C98408-5FFD-8BA3-77DB-C142BB37AE70}.Debug|Any CPU.Build.0 = Debug|Any CPU
		{69C98408-5FFD-8BA3-77DB-C142BB37AE70}.Release|Any CPU.ActiveCfg = Release|Any CPU
		{69C98408-5FFD-8BA3-77DB-C142BB37AE70}.Release|Any CPU.Build.0 = Release|Any CPU
		{E60702BE-5EE9-5699-6863-EB6A7B647BFE}.Debug|Any CPU.ActiveCfg = Debug|Any CPU
		{E60702BE-5EE9-5699-6863-EB6A7B647BFE}.Debug|Any CPU.Build.0 = Debug|Any CPU
		{E60702BE-5EE9-5699-6863-EB6A7B647BFE}.Release|Any CPU.ActiveCfg = Release|Any CPU
		{E60702BE-5EE9-5699-6863-EB6A7B647BFE}.Release|Any CPU.Build.0 = Release|Any CPU
		{B3771940-5DE0-59D6-8ABC-BC6BBFFD7E05}.Debug|Any CPU.ActiveCfg = Debug|Any CPU
		{B3771940-5DE0-59D6-8ABC-BC6BBFFD7E05}.Debug|Any CPU.Build.0 = Debug|Any CPU
		{B3771940-5DE0-59D6-8ABC-BC6BBFFD7E05}.Release|Any CPU.ActiveCfg = Release|Any CPU
		{B3771940-5DE0-59D6-8ABC-BC6BBFFD7E05}.Release|Any CPU.Build.0 = Release|Any CPU
		{AEF7E850-ACF2-883D-1B49-B492F2E9F358}.Debug|Any CPU.ActiveCfg = Debug|Any CPU
		{AEF7E850-ACF2-883D-1B49-B492F2E9F358}.Debug|Any CPU.Build.0 = Debug|Any CPU
		{AEF7E850-ACF2-883D-1B49-B492F2E9F358}.Release|Any CPU.ActiveCfg = Release|Any CPU
		{AEF7E850-ACF2-883D-1B49-B492F2E9F358}.Release|Any CPU.Build.0 = Release|Any CPU
		{93C2E011-85DB-05A6-1CB5-4DDC0824C22A}.Debug|Any CPU.ActiveCfg = Debug|Any CPU
		{93C2E011-85DB-05A6-1CB5-4DDC0824C22A}.Debug|Any CPU.Build.0 = Debug|Any CPU
		{93C2E011-85DB-05A6-1CB5-4DDC0824C22A}.Release|Any CPU.ActiveCfg = Release|Any CPU
		{93C2E011-85DB-05A6-1CB5-4DDC0824C22A}.Release|Any CPU.Build.0 = Release|Any CPU
		{1E47E947-5757-6F9C-7B28-2D44A6F23198}.Debug|Any CPU.ActiveCfg = Debug|Any CPU
		{1E47E947-5757-6F9C-7B28-2D44A6F23198}.Debug|Any CPU.Build.0 = Debug|Any CPU
		{1E47E947-5757-6F9C-7B28-2D44A6F23198}.Release|Any CPU.ActiveCfg = Release|Any CPU
		{1E47E947-5757-6F9C-7B28-2D44A6F23198}.Release|Any CPU.Build.0 = Release|Any CPU
		{6AEBE109-BFCA-AFDD-8B62-28F25A28051A}.Debug|Any CPU.ActiveCfg = Debug|Any CPU
		{6AEBE109-BFCA-AFDD-8B62-28F25A28051A}.Debug|Any CPU.Build.0 = Debug|Any CPU
		{6AEBE109-BFCA-AFDD-8B62-28F25A28051A}.Release|Any CPU.ActiveCfg = Release|Any CPU
		{6AEBE109-BFCA-AFDD-8B62-28F25A28051A}.Release|Any CPU.Build.0 = Release|Any CPU
		{79BA0D95-CA91-63AC-DAA8-359B86FA36F5}.Debug|Any CPU.ActiveCfg = Debug|Any CPU
		{79BA0D95-CA91-63AC-DAA8-359B86FA36F5}.Debug|Any CPU.Build.0 = Debug|Any CPU
		{79BA0D95-CA91-63AC-DAA8-359B86FA36F5}.Release|Any CPU.ActiveCfg = Release|Any CPU
		{79BA0D95-CA91-63AC-DAA8-359B86FA36F5}.Release|Any CPU.Build.0 = Release|Any CPU
		{BF702486-DBCD-26CB-9BDA-6E7808FCB497}.Debug|Any CPU.ActiveCfg = Debug|Any CPU
		{BF702486-DBCD-26CB-9BDA-6E7808FCB497}.Debug|Any CPU.Build.0 = Debug|Any CPU
		{BF702486-DBCD-26CB-9BDA-6E7808FCB497}.Release|Any CPU.ActiveCfg = Release|Any CPU
		{BF702486-DBCD-26CB-9BDA-6E7808FCB497}.Release|Any CPU.Build.0 = Release|Any CPU
		{B604FE5F-4EAC-E81A-F797-F6B79FF6CEB6}.Debug|Any CPU.ActiveCfg = Debug|Any CPU
		{B604FE5F-4EAC-E81A-F797-F6B79FF6CEB6}.Debug|Any CPU.Build.0 = Debug|Any CPU
		{B604FE5F-4EAC-E81A-F797-F6B79FF6CEB6}.Release|Any CPU.ActiveCfg = Release|Any CPU
		{B604FE5F-4EAC-E81A-F797-F6B79FF6CEB6}.Release|Any CPU.Build.0 = Release|Any CPU
		{F7B9B092-2A77-1CA2-0D69-8C2E40E0ACCA}.Debug|Any CPU.ActiveCfg = Debug|Any CPU
		{F7B9B092-2A77-1CA2-0D69-8C2E40E0ACCA}.Debug|Any CPU.Build.0 = Debug|Any CPU
		{F7B9B092-2A77-1CA2-0D69-8C2E40E0ACCA}.Release|Any CPU.ActiveCfg = Release|Any CPU
		{F7B9B092-2A77-1CA2-0D69-8C2E40E0ACCA}.Release|Any CPU.Build.0 = Release|Any CPU
		{11EACF12-FB03-7010-993F-65B4C83FF600}.Debug|Any CPU.ActiveCfg = Debug|Any CPU
		{11EACF12-FB03-7010-993F-65B4C83FF600}.Debug|Any CPU.Build.0 = Debug|Any CPU
		{11EACF12-FB03-7010-993F-65B4C83FF600}.Release|Any CPU.ActiveCfg = Release|Any CPU
		{11EACF12-FB03-7010-993F-65B4C83FF600}.Release|Any CPU.Build.0 = Release|Any CPU
		{D88A9CF6-0F1D-2CF6-6E65-08E3A894EECA}.Debug|Any CPU.ActiveCfg = Debug|Any CPU
		{D88A9CF6-0F1D-2CF6-6E65-08E3A894EECA}.Debug|Any CPU.Build.0 = Debug|Any CPU
		{D88A9CF6-0F1D-2CF6-6E65-08E3A894EECA}.Release|Any CPU.ActiveCfg = Release|Any CPU
		{D88A9CF6-0F1D-2CF6-6E65-08E3A894EECA}.Release|Any CPU.Build.0 = Release|Any CPU
		{9414D29B-E8F4-3F3D-5782-454DC4C095FA}.Debug|Any CPU.ActiveCfg = Debug|Any CPU
		{9414D29B-E8F4-3F3D-5782-454DC4C095FA}.Debug|Any CPU.Build.0 = Debug|Any CPU
		{9414D29B-E8F4-3F3D-5782-454DC4C095FA}.Release|Any CPU.ActiveCfg = Release|Any CPU
		{9414D29B-E8F4-3F3D-5782-454DC4C095FA}.Release|Any CPU.Build.0 = Release|Any CPU
		{E343D801-C82A-C85A-795C-0D252B9475E3}.Debug|Any CPU.ActiveCfg = Debug|Any CPU
		{E343D801-C82A-C85A-795C-0D252B9475E3}.Debug|Any CPU.Build.0 = Debug|Any CPU
		{E343D801-C82A-C85A-795C-0D252B9475E3}.Release|Any CPU.ActiveCfg = Release|Any CPU
		{E343D801-C82A-C85A-795C-0D252B9475E3}.Release|Any CPU.Build.0 = Release|Any CPU
		{B1792213-1C9A-7696-4168-3DD775B95B5A}.Debug|Any CPU.ActiveCfg = Debug|Any CPU
		{B1792213-1C9A-7696-4168-3DD775B95B5A}.Debug|Any CPU.Build.0 = Debug|Any CPU
		{B1792213-1C9A-7696-4168-3DD775B95B5A}.Release|Any CPU.ActiveCfg = Release|Any CPU
		{B1792213-1C9A-7696-4168-3DD775B95B5A}.Release|Any CPU.Build.0 = Release|Any CPU
		{B302D939-73E0-A05F-1888-C76A09D23348}.Debug|Any CPU.ActiveCfg = Debug|Any CPU
		{B302D939-73E0-A05F-1888-C76A09D23348}.Debug|Any CPU.Build.0 = Debug|Any CPU
		{B302D939-73E0-A05F-1888-C76A09D23348}.Release|Any CPU.ActiveCfg = Release|Any CPU
		{B302D939-73E0-A05F-1888-C76A09D23348}.Release|Any CPU.Build.0 = Release|Any CPU
		{F6941F06-31FE-8D34-3D05-699B9BAA4547}.Debug|Any CPU.ActiveCfg = Debug|Any CPU
		{F6941F06-31FE-8D34-3D05-699B9BAA4547}.Debug|Any CPU.Build.0 = Debug|Any CPU
		{F6941F06-31FE-8D34-3D05-699B9BAA4547}.Release|Any CPU.ActiveCfg = Release|Any CPU
		{F6941F06-31FE-8D34-3D05-699B9BAA4547}.Release|Any CPU.Build.0 = Release|Any CPU
		{3F24312B-6240-49E6-D188-6F84F36EDD68}.Debug|Any CPU.ActiveCfg = Debug|Any CPU
		{3F24312B-6240-49E6-D188-6F84F36EDD68}.Debug|Any CPU.Build.0 = Debug|Any CPU
		{3F24312B-6240-49E6-D188-6F84F36EDD68}.Release|Any CPU.ActiveCfg = Release|Any CPU
		{3F24312B-6240-49E6-D188-6F84F36EDD68}.Release|Any CPU.Build.0 = Release|Any CPU
		{71DAB223-6CC3-4292-81D5-66C11574D18E}.Debug|Any CPU.ActiveCfg = Debug|Any CPU
		{71DAB223-6CC3-4292-81D5-66C11574D18E}.Debug|Any CPU.Build.0 = Debug|Any CPU
		{71DAB223-6CC3-4292-81D5-66C11574D18E}.Release|Any CPU.ActiveCfg = Release|Any CPU
		{71DAB223-6CC3-4292-81D5-66C11574D18E}.Release|Any CPU.Build.0 = Release|Any CPU
		{7F78C11A-DFC2-F1C6-1513-9E12322B4C98}.Debug|Any CPU.ActiveCfg = Debug|Any CPU
		{7F78C11A-DFC2-F1C6-1513-9E12322B4C98}.Debug|Any CPU.Build.0 = Debug|Any CPU
		{7F78C11A-DFC2-F1C6-1513-9E12322B4C98}.Release|Any CPU.ActiveCfg = Release|Any CPU
		{7F78C11A-DFC2-F1C6-1513-9E12322B4C98}.Release|Any CPU.Build.0 = Release|Any CPU
		{4B1A74EA-D9A1-4F3F-AE36-1ECFDCE36623}.Debug|Any CPU.ActiveCfg = Debug|Any CPU
		{4B1A74EA-D9A1-4F3F-AE36-1ECFDCE36623}.Debug|Any CPU.Build.0 = Debug|Any CPU
		{4B1A74EA-D9A1-4F3F-AE36-1ECFDCE36623}.Release|Any CPU.ActiveCfg = Release|Any CPU
		{4B1A74EA-D9A1-4F3F-AE36-1ECFDCE36623}.Release|Any CPU.Build.0 = Release|Any CPU
		{54F37E17-357E-A48B-F505-81EB2912BCCF}.Debug|Any CPU.ActiveCfg = Debug|Any CPU
		{54F37E17-357E-A48B-F505-81EB2912BCCF}.Debug|Any CPU.Build.0 = Debug|Any CPU
		{54F37E17-357E-A48B-F505-81EB2912BCCF}.Release|Any CPU.ActiveCfg = Release|Any CPU
		{54F37E17-357E-A48B-F505-81EB2912BCCF}.Release|Any CPU.Build.0 = Release|Any CPU
		{E761024D-035D-8167-01ED-55C21F80BB86}.Debug|Any CPU.ActiveCfg = Debug|Any CPU
		{E761024D-035D-8167-01ED-55C21F80BB86}.Debug|Any CPU.Build.0 = Debug|Any CPU
		{E761024D-035D-8167-01ED-55C21F80BB86}.Release|Any CPU.ActiveCfg = Release|Any CPU
		{E761024D-035D-8167-01ED-55C21F80BB86}.Release|Any CPU.Build.0 = Release|Any CPU
		{231C5C31-94B4-88BB-E9C5-ABEC9D762580}.Debug|Any CPU.ActiveCfg = Debug|Any CPU
		{231C5C31-94B4-88BB-E9C5-ABEC9D762580}.Debug|Any CPU.Build.0 = Debug|Any CPU
		{231C5C31-94B4-88BB-E9C5-ABEC9D762580}.Release|Any CPU.ActiveCfg = Release|Any CPU
		{231C5C31-94B4-88BB-E9C5-ABEC9D762580}.Release|Any CPU.Build.0 = Release|Any CPU
		{F7E6238E-0FAE-1F39-EECE-5240D8573089}.Debug|Any CPU.ActiveCfg = Debug|Any CPU
		{F7E6238E-0FAE-1F39-EECE-5240D8573089}.Debug|Any CPU.Build.0 = Debug|Any CPU
		{F7E6238E-0FAE-1F39-EECE-5240D8573089}.Release|Any CPU.ActiveCfg = Release|Any CPU
		{F7E6238E-0FAE-1F39-EECE-5240D8573089}.Release|Any CPU.Build.0 = Release|Any CPU
		{52886E08-F3C0-027F-F280-F9DD6E4A7ACF}.Debug|Any CPU.ActiveCfg = Debug|Any CPU
		{52886E08-F3C0-027F-F280-F9DD6E4A7ACF}.Debug|Any CPU.Build.0 = Debug|Any CPU
		{52886E08-F3C0-027F-F280-F9DD6E4A7ACF}.Release|Any CPU.ActiveCfg = Release|Any CPU
		{52886E08-F3C0-027F-F280-F9DD6E4A7ACF}.Release|Any CPU.Build.0 = Release|Any CPU
		{AFDF25A4-385A-907B-7D71-DDB6243DCB82}.Debug|Any CPU.ActiveCfg = Debug|Any CPU
		{AFDF25A4-385A-907B-7D71-DDB6243DCB82}.Debug|Any CPU.Build.0 = Debug|Any CPU
		{AFDF25A4-385A-907B-7D71-DDB6243DCB82}.Release|Any CPU.ActiveCfg = Release|Any CPU
		{AFDF25A4-385A-907B-7D71-DDB6243DCB82}.Release|Any CPU.Build.0 = Release|Any CPU
		{6328577A-BC9D-87F4-E661-F722499851F5}.Debug|Any CPU.ActiveCfg = Debug|Any CPU
		{6328577A-BC9D-87F4-E661-F722499851F5}.Debug|Any CPU.Build.0 = Debug|Any CPU
		{6328577A-BC9D-87F4-E661-F722499851F5}.Release|Any CPU.ActiveCfg = Release|Any CPU
		{6328577A-BC9D-87F4-E661-F722499851F5}.Release|Any CPU.Build.0 = Release|Any CPU
		{0104295F-E979-E6DD-C948-3FC2EAF1DDDC}.Debug|Any CPU.ActiveCfg = Debug|Any CPU
		{0104295F-E979-E6DD-C948-3FC2EAF1DDDC}.Debug|Any CPU.Build.0 = Debug|Any CPU
		{0104295F-E979-E6DD-C948-3FC2EAF1DDDC}.Release|Any CPU.ActiveCfg = Release|Any CPU
		{0104295F-E979-E6DD-C948-3FC2EAF1DDDC}.Release|Any CPU.Build.0 = Release|Any CPU
		{50C86663-A7B9-7257-106A-163B0B5B80BF}.Debug|Any CPU.ActiveCfg = Debug|Any CPU
		{50C86663-A7B9-7257-106A-163B0B5B80BF}.Debug|Any CPU.Build.0 = Debug|Any CPU
		{50C86663-A7B9-7257-106A-163B0B5B80BF}.Release|Any CPU.ActiveCfg = Release|Any CPU
		{50C86663-A7B9-7257-106A-163B0B5B80BF}.Release|Any CPU.Build.0 = Release|Any CPU
		{438BBA26-E6E7-5E1D-1A27-030CAB21269C}.Debug|Any CPU.ActiveCfg = Debug|Any CPU
		{438BBA26-E6E7-5E1D-1A27-030CAB21269C}.Debug|Any CPU.Build.0 = Debug|Any CPU
		{438BBA26-E6E7-5E1D-1A27-030CAB21269C}.Release|Any CPU.ActiveCfg = Release|Any CPU
		{438BBA26-E6E7-5E1D-1A27-030CAB21269C}.Release|Any CPU.Build.0 = Release|Any CPU
		{EF191199-6155-1FEB-B181-FCB0BD0F57E3}.Debug|Any CPU.ActiveCfg = Debug|Any CPU
		{EF191199-6155-1FEB-B181-FCB0BD0F57E3}.Debug|Any CPU.Build.0 = Debug|Any CPU
		{EF191199-6155-1FEB-B181-FCB0BD0F57E3}.Release|Any CPU.ActiveCfg = Release|Any CPU
		{EF191199-6155-1FEB-B181-FCB0BD0F57E3}.Release|Any CPU.Build.0 = Release|Any CPU
		{514CB499-1C70-9D7C-B561-7984D4EC38B1}.Debug|Any CPU.ActiveCfg = Debug|Any CPU
		{514CB499-1C70-9D7C-B561-7984D4EC38B1}.Debug|Any CPU.Build.0 = Debug|Any CPU
		{514CB499-1C70-9D7C-B561-7984D4EC38B1}.Release|Any CPU.ActiveCfg = Release|Any CPU
		{514CB499-1C70-9D7C-B561-7984D4EC38B1}.Release|Any CPU.Build.0 = Release|Any CPU
		{93ABF5BE-227A-0108-92C6-0EE3EE857A72}.Debug|Any CPU.ActiveCfg = Debug|Any CPU
		{93ABF5BE-227A-0108-92C6-0EE3EE857A72}.Debug|Any CPU.Build.0 = Debug|Any CPU
		{93ABF5BE-227A-0108-92C6-0EE3EE857A72}.Release|Any CPU.ActiveCfg = Release|Any CPU
		{93ABF5BE-227A-0108-92C6-0EE3EE857A72}.Release|Any CPU.Build.0 = Release|Any CPU
		{615D5DC1-6587-1969-D7F9-4638E7AFB3E9}.Debug|Any CPU.ActiveCfg = Debug|Any CPU
		{615D5DC1-6587-1969-D7F9-4638E7AFB3E9}.Debug|Any CPU.Build.0 = Debug|Any CPU
		{615D5DC1-6587-1969-D7F9-4638E7AFB3E9}.Release|Any CPU.ActiveCfg = Release|Any CPU
		{615D5DC1-6587-1969-D7F9-4638E7AFB3E9}.Release|Any CPU.Build.0 = Release|Any CPU
		{7044FCB8-7343-17F0-6D5F-FC35A7D2A3DA}.Debug|Any CPU.ActiveCfg = Debug|Any CPU
		{7044FCB8-7343-17F0-6D5F-FC35A7D2A3DA}.Debug|Any CPU.Build.0 = Debug|Any CPU
		{7044FCB8-7343-17F0-6D5F-FC35A7D2A3DA}.Release|Any CPU.ActiveCfg = Release|Any CPU
		{7044FCB8-7343-17F0-6D5F-FC35A7D2A3DA}.Release|Any CPU.Build.0 = Release|Any CPU
		{37B6C087-C595-3B5C-6672-FE6ACCB9A406}.Debug|Any CPU.ActiveCfg = Debug|Any CPU
		{37B6C087-C595-3B5C-6672-FE6ACCB9A406}.Debug|Any CPU.Build.0 = Debug|Any CPU
		{37B6C087-C595-3B5C-6672-FE6ACCB9A406}.Release|Any CPU.ActiveCfg = Release|Any CPU
		{37B6C087-C595-3B5C-6672-FE6ACCB9A406}.Release|Any CPU.Build.0 = Release|Any CPU
		{2D274DC4-80C5-5974-B23B-9541CB241282}.Debug|Any CPU.ActiveCfg = Debug|Any CPU
		{2D274DC4-80C5-5974-B23B-9541CB241282}.Debug|Any CPU.Build.0 = Debug|Any CPU
		{2D274DC4-80C5-5974-B23B-9541CB241282}.Release|Any CPU.ActiveCfg = Release|Any CPU
		{2D274DC4-80C5-5974-B23B-9541CB241282}.Release|Any CPU.Build.0 = Release|Any CPU
		{21EF0A4E-D248-009E-7A3C-041A0E31AC7C}.Debug|Any CPU.ActiveCfg = Debug|Any CPU
		{21EF0A4E-D248-009E-7A3C-041A0E31AC7C}.Debug|Any CPU.Build.0 = Debug|Any CPU
		{21EF0A4E-D248-009E-7A3C-041A0E31AC7C}.Release|Any CPU.ActiveCfg = Release|Any CPU
		{21EF0A4E-D248-009E-7A3C-041A0E31AC7C}.Release|Any CPU.Build.0 = Release|Any CPU
		{E3AEFD49-79B8-5040-0D5D-DA4FAC4B34FC}.Debug|Any CPU.ActiveCfg = Debug|Any CPU
		{E3AEFD49-79B8-5040-0D5D-DA4FAC4B34FC}.Debug|Any CPU.Build.0 = Debug|Any CPU
		{E3AEFD49-79B8-5040-0D5D-DA4FAC4B34FC}.Release|Any CPU.ActiveCfg = Release|Any CPU
		{E3AEFD49-79B8-5040-0D5D-DA4FAC4B34FC}.Release|Any CPU.Build.0 = Release|Any CPU
		{F21920B4-C7E1-14C1-3C56-830D85E9361E}.Debug|Any CPU.ActiveCfg = Debug|Any CPU
		{F21920B4-C7E1-14C1-3C56-830D85E9361E}.Debug|Any CPU.Build.0 = Debug|Any CPU
		{F21920B4-C7E1-14C1-3C56-830D85E9361E}.Release|Any CPU.ActiveCfg = Release|Any CPU
		{F21920B4-C7E1-14C1-3C56-830D85E9361E}.Release|Any CPU.Build.0 = Release|Any CPU
		{F7323199-AE6C-428D-6E2D-1C31913E620D}.Debug|Any CPU.ActiveCfg = Debug|Any CPU
		{F7323199-AE6C-428D-6E2D-1C31913E620D}.Debug|Any CPU.Build.0 = Debug|Any CPU
		{F7323199-AE6C-428D-6E2D-1C31913E620D}.Release|Any CPU.ActiveCfg = Release|Any CPU
		{F7323199-AE6C-428D-6E2D-1C31913E620D}.Release|Any CPU.Build.0 = Release|Any CPU
		{27B711F1-B4F3-15B3-61BD-6B6881A7781B}.Debug|Any CPU.ActiveCfg = Debug|Any CPU
		{27B711F1-B4F3-15B3-61BD-6B6881A7781B}.Debug|Any CPU.Build.0 = Debug|Any CPU
		{27B711F1-B4F3-15B3-61BD-6B6881A7781B}.Release|Any CPU.ActiveCfg = Release|Any CPU
		{27B711F1-B4F3-15B3-61BD-6B6881A7781B}.Release|Any CPU.Build.0 = Release|Any CPU
	EndGlobalSection
	GlobalSection(SolutionProperties) = preSolution
		HideSolutionNode = FALSE
	EndGlobalSection
EndGlobal
